
Microsoft Visual Studio Solution File, Format Version 12.00
# Visual Studio Version 17
VisualStudioVersion = 17.2.32630.192
MinimumVisualStudioVersion = 10.0.40219.1
Project("{FAE04EC0-301F-11D3-BF4B-00C04F79EFBC}") = "CountingCharacters", "Studio-counting-characters\CountingCharacters.csproj", "{F24CB7D0-C906-40E2-A130-C0EA03D14545}"
EndProject
Global
	GlobalSection(SolutionConfigurationPlatforms) = preSolution
		Debug|Any CPU = Debug|Any CPU
		Release|Any CPU = Release|Any CPU
	EndGlobalSection
	GlobalSection(ProjectConfigurationPlatforms) = postSolution
		{F24CB7D0-C906-40E2-A130-C0EA03D14545}.Debug|Any CPU.ActiveCfg = Debug|Any CPU
		{F24CB7D0-C906-40E2-A130-C0EA03D14545}.Debug|Any CPU.Build.0 = Debug|Any CPU
		{F24CB7D0-C906-40E2-A130-C0EA03D14545}.Release|Any CPU.ActiveCfg = Release|Any CPU
		{F24CB7D0-C906-40E2-A130-C0EA03D14545}.Release|Any CPU.Build.0 = Release|Any CPU
	EndGlobalSection
	GlobalSection(SolutionProperties) = preSolution
		HideSolutionNode = FALSE
	EndGlobalSection
	GlobalSection(ExtensibilityGlobals) = postSolution
		SolutionGuid = {E183895D-FAB8-4340-A2C2-3CF26D6E84D7}
	EndGlobalSection
EndGlobal
